// !$*UTF8*$!
{
	archiveVersion = 1;
	classes = {
	};
	objectVersion = 50;
	objects = {

/* Begin PBXBuildFile section */
		CD293FA22494B2B700E5B126 /* AppDelegate.swift in Sources */ = {isa = PBXBuildFile; fileRef = CD293FA12494B2B700E5B126 /* AppDelegate.swift */; };
		CD293FA42494B2B700E5B126 /* SceneDelegate.swift in Sources */ = {isa = PBXBuildFile; fileRef = CD293FA32494B2B700E5B126 /* SceneDelegate.swift */; };
		CD293FA62494B2B700E5B126 /* ContentView.swift in Sources */ = {isa = PBXBuildFile; fileRef = CD293FA52494B2B700E5B126 /* ContentView.swift */; };
		CD293FA82494B2B900E5B126 /* Assets.xcassets in Resources */ = {isa = PBXBuildFile; fileRef = CD293FA72494B2B900E5B126 /* Assets.xcassets */; };
		CD293FAB2494B2B900E5B126 /* Preview Assets.xcassets in Resources */ = {isa = PBXBuildFile; fileRef = CD293FAA2494B2B900E5B126 /* Preview Assets.xcassets */; };
		CD293FAE2494B2B900E5B126 /* LaunchScreen.storyboard in Resources */ = {isa = PBXBuildFile; fileRef = CD293FAC2494B2B900E5B126 /* LaunchScreen.storyboard */; };
		CD293FB62494B44800E5B126 /* romanConversion.swift in Sources */ = {isa = PBXBuildFile; fileRef = CD293FB52494B44800E5B126 /* romanConversion.swift */; };
		CD293FB82494B46400E5B126 /* constantes.swift in Sources */ = {isa = PBXBuildFile; fileRef = CD293FB72494B46400E5B126 /* constantes.swift */; };
		CD293FBA2494B46F00E5B126 /* calendrierRevolutionnaire.swift in Sources */ = {isa = PBXBuildFile; fileRef = CD293FB92494B46F00E5B126 /* calendrierRevolutionnaire.swift */; };
		CD293FC22494CEC600E5B126 /* testFile.txt in Resources */ = {isa = PBXBuildFile; fileRef = CD293FC12494CEC600E5B126 /* testFile.txt */; };
		CD4DCDA925053152008A440E /* WidgetKit.framework in Frameworks */ = {isa = PBXBuildFile; fileRef = CD4DCDA825053152008A440E /* WidgetKit.framework */; };
		CD4DCDAB25053152008A440E /* SwiftUI.framework in Frameworks */ = {isa = PBXBuildFile; fileRef = CD4DCDAA25053152008A440E /* SwiftUI.framework */; };
		CD4DCDAE25053152008A440E /* MessidorWidget.swift in Sources */ = {isa = PBXBuildFile; fileRef = CD4DCDAD25053152008A440E /* MessidorWidget.swift */; };
		CD4DCDB125053155008A440E /* Assets.xcassets in Resources */ = {isa = PBXBuildFile; fileRef = CD4DCDB025053155008A440E /* Assets.xcassets */; };
		CD4DCDB325053155008A440E /* MessidorWidget.intentdefinition in Sources */ = {isa = PBXBuildFile; fileRef = CD4DCDAF25053152008A440E /* MessidorWidget.intentdefinition */; };
		CD4DCDB425053155008A440E /* MessidorWidget.intentdefinition in Sources */ = {isa = PBXBuildFile; fileRef = CD4DCDAF25053152008A440E /* MessidorWidget.intentdefinition */; };
		CD4DCDB725053155008A440E /* MessidorWidgetExtension.appex in Embed App Extensions */ = {isa = PBXBuildFile; fileRef = CD4DCDA625053152008A440E /* MessidorWidgetExtension.appex */; settings = {ATTRIBUTES = (RemoveHeadersOnCopy, ); }; };
		CD4DCDBC25053B06008A440E /* constantes.swift in Sources */ = {isa = PBXBuildFile; fileRef = CD293FB72494B46400E5B126 /* constantes.swift */; };
		CD4DCDBD25053B0A008A440E /* romanConversion.swift in Sources */ = {isa = PBXBuildFile; fileRef = CD293FB52494B44800E5B126 /* romanConversion.swift */; };
		CD4DCDBE25053B10008A440E /* calendrierRevolutionnaire.swift in Sources */ = {isa = PBXBuildFile; fileRef = CD293FB92494B46F00E5B126 /* calendrierRevolutionnaire.swift */; };
/* End PBXBuildFile section */

/* Begin PBXContainerItemProxy section */
		CD4DCDB525053155008A440E /* PBXContainerItemProxy */ = {
			isa = PBXContainerItemProxy;
			containerPortal = CD293F962494B2B700E5B126 /* Project object */;
			proxyType = 1;
			remoteGlobalIDString = CD4DCDA525053152008A440E;
			remoteInfo = MessidorWidgetExtension;
		};
/* End PBXContainerItemProxy section */

/* Begin PBXCopyFilesBuildPhase section */
		CD4DCDBB25053155008A440E /* Embed App Extensions */ = {
			isa = PBXCopyFilesBuildPhase;
			buildActionMask = 2147483647;
			dstPath = "";
			dstSubfolderSpec = 13;
			files = (
				CD4DCDB725053155008A440E /* MessidorWidgetExtension.appex in Embed App Extensions */,
			);
			name = "Embed App Extensions";
			runOnlyForDeploymentPostprocessing = 0;
		};
/* End PBXCopyFilesBuildPhase section */

/* Begin PBXFileReference section */
		CD293F9E2494B2B700E5B126 /* Messidor.app */ = {isa = PBXFileReference; explicitFileType = wrapper.application; includeInIndex = 0; path = Messidor.app; sourceTree = BUILT_PRODUCTS_DIR; };
		CD293FA12494B2B700E5B126 /* AppDelegate.swift */ = {isa = PBXFileReference; lastKnownFileType = sourcecode.swift; path = AppDelegate.swift; sourceTree = "<group>"; };
		CD293FA32494B2B700E5B126 /* SceneDelegate.swift */ = {isa = PBXFileReference; lastKnownFileType = sourcecode.swift; path = SceneDelegate.swift; sourceTree = "<group>"; };
		CD293FA52494B2B700E5B126 /* ContentView.swift */ = {isa = PBXFileReference; lastKnownFileType = sourcecode.swift; path = ContentView.swift; sourceTree = "<group>"; };
		CD293FA72494B2B900E5B126 /* Assets.xcassets */ = {isa = PBXFileReference; lastKnownFileType = folder.assetcatalog; path = Assets.xcassets; sourceTree = "<group>"; };
		CD293FAA2494B2B900E5B126 /* Preview Assets.xcassets */ = {isa = PBXFileReference; lastKnownFileType = folder.assetcatalog; path = "Preview Assets.xcassets"; sourceTree = "<group>"; };
		CD293FAD2494B2B900E5B126 /* Base */ = {isa = PBXFileReference; lastKnownFileType = file.storyboard; name = Base; path = Base.lproj/LaunchScreen.storyboard; sourceTree = "<group>"; };
		CD293FAF2494B2B900E5B126 /* Info.plist */ = {isa = PBXFileReference; lastKnownFileType = text.plist.xml; path = Info.plist; sourceTree = "<group>"; };
		CD293FB52494B44800E5B126 /* romanConversion.swift */ = {isa = PBXFileReference; fileEncoding = 4; lastKnownFileType = sourcecode.swift; path = romanConversion.swift; sourceTree = "<group>"; };
		CD293FB72494B46400E5B126 /* constantes.swift */ = {isa = PBXFileReference; fileEncoding = 4; lastKnownFileType = sourcecode.swift; path = constantes.swift; sourceTree = "<group>"; };
		CD293FB92494B46F00E5B126 /* calendrierRevolutionnaire.swift */ = {isa = PBXFileReference; fileEncoding = 4; lastKnownFileType = sourcecode.swift; path = calendrierRevolutionnaire.swift; sourceTree = "<group>"; };
		CD293FC12494CEC600E5B126 /* testFile.txt */ = {isa = PBXFileReference; fileEncoding = 4; lastKnownFileType = text; path = testFile.txt; sourceTree = "<group>"; };
		CD4DCDA625053152008A440E /* MessidorWidgetExtension.appex */ = {isa = PBXFileReference; explicitFileType = "wrapper.app-extension"; includeInIndex = 0; path = MessidorWidgetExtension.appex; sourceTree = BUILT_PRODUCTS_DIR; };
		CD4DCDA825053152008A440E /* WidgetKit.framework */ = {isa = PBXFileReference; lastKnownFileType = wrapper.framework; name = WidgetKit.framework; path = System/Library/Frameworks/WidgetKit.framework; sourceTree = SDKROOT; };
		CD4DCDAA25053152008A440E /* SwiftUI.framework */ = {isa = PBXFileReference; lastKnownFileType = wrapper.framework; name = SwiftUI.framework; path = System/Library/Frameworks/SwiftUI.framework; sourceTree = SDKROOT; };
		CD4DCDAD25053152008A440E /* MessidorWidget.swift */ = {isa = PBXFileReference; lastKnownFileType = sourcecode.swift; path = MessidorWidget.swift; sourceTree = "<group>"; };
		CD4DCDAF25053152008A440E /* MessidorWidget.intentdefinition */ = {isa = PBXFileReference; lastKnownFileType = file.intentdefinition; path = MessidorWidget.intentdefinition; sourceTree = "<group>"; };
		CD4DCDB025053155008A440E /* Assets.xcassets */ = {isa = PBXFileReference; lastKnownFileType = folder.assetcatalog; path = Assets.xcassets; sourceTree = "<group>"; };
		CD4DCDB225053155008A440E /* Info.plist */ = {isa = PBXFileReference; lastKnownFileType = text.plist.xml; path = Info.plist; sourceTree = "<group>"; };
/* End PBXFileReference section */

/* Begin PBXFrameworksBuildPhase section */
		CD293F9B2494B2B700E5B126 /* Frameworks */ = {
			isa = PBXFrameworksBuildPhase;
			buildActionMask = 2147483647;
			files = (
			);
			runOnlyForDeploymentPostprocessing = 0;
		};
		CD4DCDA325053152008A440E /* Frameworks */ = {
			isa = PBXFrameworksBuildPhase;
			buildActionMask = 2147483647;
			files = (
				CD4DCDAB25053152008A440E /* SwiftUI.framework in Frameworks */,
				CD4DCDA925053152008A440E /* WidgetKit.framework in Frameworks */,
			);
			runOnlyForDeploymentPostprocessing = 0;
		};
/* End PBXFrameworksBuildPhase section */

/* Begin PBXGroup section */
		CD293F952494B2B700E5B126 = {
			isa = PBXGroup;
			children = (
				CD293FB72494B46400E5B126 /* constantes.swift */,
				CD293FB52494B44800E5B126 /* romanConversion.swift */,
				CD293FB92494B46F00E5B126 /* calendrierRevolutionnaire.swift */,
				CD293FA02494B2B700E5B126 /* Messidor */,
				CD4DCDAC25053152008A440E /* MessidorWidget */,
				CD4DCDA725053152008A440E /* Frameworks */,
				CD293F9F2494B2B700E5B126 /* Products */,
			);
			sourceTree = "<group>";
		};
		CD293F9F2494B2B700E5B126 /* Products */ = {
			isa = PBXGroup;
			children = (
				CD293F9E2494B2B700E5B126 /* Messidor.app */,
				CD4DCDA625053152008A440E /* MessidorWidgetExtension.appex */,
			);
			name = Products;
			sourceTree = "<group>";
		};
		CD293FA02494B2B700E5B126 /* Messidor */ = {
			isa = PBXGroup;
			children = (
				CD293FC12494CEC600E5B126 /* testFile.txt */,
				CD293FA12494B2B700E5B126 /* AppDelegate.swift */,
				CD293FA32494B2B700E5B126 /* SceneDelegate.swift */,
				CD293FA52494B2B700E5B126 /* ContentView.swift */,
				CD293FA72494B2B900E5B126 /* Assets.xcassets */,
				CD293FAC2494B2B900E5B126 /* LaunchScreen.storyboard */,
				CD293FAF2494B2B900E5B126 /* Info.plist */,
				CD293FA92494B2B900E5B126 /* Preview Content */,
			);
			path = Messidor;
			sourceTree = "<group>";
		};
		CD293FA92494B2B900E5B126 /* Preview Content */ = {
			isa = PBXGroup;
			children = (
				CD293FAA2494B2B900E5B126 /* Preview Assets.xcassets */,
			);
			path = "Preview Content";
			sourceTree = "<group>";
		};
		CD4DCDA725053152008A440E /* Frameworks */ = {
			isa = PBXGroup;
			children = (
				CD4DCDA825053152008A440E /* WidgetKit.framework */,
				CD4DCDAA25053152008A440E /* SwiftUI.framework */,
			);
			name = Frameworks;
			sourceTree = "<group>";
		};
		CD4DCDAC25053152008A440E /* MessidorWidget */ = {
			isa = PBXGroup;
			children = (
				CD4DCDAD25053152008A440E /* MessidorWidget.swift */,
				CD4DCDAF25053152008A440E /* MessidorWidget.intentdefinition */,
				CD4DCDB025053155008A440E /* Assets.xcassets */,
				CD4DCDB225053155008A440E /* Info.plist */,
			);
			path = MessidorWidget;
			sourceTree = "<group>";
		};
/* End PBXGroup section */

/* Begin PBXNativeTarget section */
		CD293F9D2494B2B700E5B126 /* Messidor */ = {
			isa = PBXNativeTarget;
			buildConfigurationList = CD293FB22494B2B900E5B126 /* Build configuration list for PBXNativeTarget "Messidor" */;
			buildPhases = (
				CD293F9A2494B2B700E5B126 /* Sources */,
				CD293F9B2494B2B700E5B126 /* Frameworks */,
				CD293F9C2494B2B700E5B126 /* Resources */,
				CD4DCDBB25053155008A440E /* Embed App Extensions */,
			);
			buildRules = (
			);
			dependencies = (
				CD4DCDB625053155008A440E /* PBXTargetDependency */,
			);
			name = Messidor;
			productName = Messidor;
			productReference = CD293F9E2494B2B700E5B126 /* Messidor.app */;
			productType = "com.apple.product-type.application";
		};
		CD4DCDA525053152008A440E /* MessidorWidgetExtension */ = {
			isa = PBXNativeTarget;
			buildConfigurationList = CD4DCDB825053155008A440E /* Build configuration list for PBXNativeTarget "MessidorWidgetExtension" */;
			buildPhases = (
				CD4DCDA225053152008A440E /* Sources */,
				CD4DCDA325053152008A440E /* Frameworks */,
				CD4DCDA425053152008A440E /* Resources */,
			);
			buildRules = (
			);
			dependencies = (
			);
			name = MessidorWidgetExtension;
			productName = MessidorWidgetExtension;
			productReference = CD4DCDA625053152008A440E /* MessidorWidgetExtension.appex */;
			productType = "com.apple.product-type.app-extension";
		};
/* End PBXNativeTarget section */

/* Begin PBXProject section */
		CD293F962494B2B700E5B126 /* Project object */ = {
			isa = PBXProject;
			attributes = {
				LastSwiftUpdateCheck = 1200;
				LastUpgradeCheck = 1200;
				ORGANIZATIONNAME = stgpcs;
				TargetAttributes = {
					CD293F9D2494B2B700E5B126 = {
						CreatedOnToolsVersion = 11.5;
					};
					CD4DCDA525053152008A440E = {
						CreatedOnToolsVersion = 12.0;
					};
				};
			};
			buildConfigurationList = CD293F992494B2B700E5B126 /* Build configuration list for PBXProject "Messidor" */;
			compatibilityVersion = "Xcode 9.3";
			developmentRegion = en;
			hasScannedForEncodings = 0;
			knownRegions = (
				en,
				Base,
			);
			mainGroup = CD293F952494B2B700E5B126;
			productRefGroup = CD293F9F2494B2B700E5B126 /* Products */;
			projectDirPath = "";
			projectRoot = "";
			targets = (
				CD293F9D2494B2B700E5B126 /* Messidor */,
				CD4DCDA525053152008A440E /* MessidorWidgetExtension */,
			);
		};
/* End PBXProject section */

/* Begin PBXResourcesBuildPhase section */
		CD293F9C2494B2B700E5B126 /* Resources */ = {
			isa = PBXResourcesBuildPhase;
			buildActionMask = 2147483647;
			files = (
				CD293FAE2494B2B900E5B126 /* LaunchScreen.storyboard in Resources */,
				CD293FAB2494B2B900E5B126 /* Preview Assets.xcassets in Resources */,
				CD293FC22494CEC600E5B126 /* testFile.txt in Resources */,
				CD293FA82494B2B900E5B126 /* Assets.xcassets in Resources */,
			);
			runOnlyForDeploymentPostprocessing = 0;
		};
		CD4DCDA425053152008A440E /* Resources */ = {
			isa = PBXResourcesBuildPhase;
			buildActionMask = 2147483647;
			files = (
				CD4DCDB125053155008A440E /* Assets.xcassets in Resources */,
			);
			runOnlyForDeploymentPostprocessing = 0;
		};
/* End PBXResourcesBuildPhase section */

/* Begin PBXSourcesBuildPhase section */
		CD293F9A2494B2B700E5B126 /* Sources */ = {
			isa = PBXSourcesBuildPhase;
			buildActionMask = 2147483647;
			files = (
				CD293FA22494B2B700E5B126 /* AppDelegate.swift in Sources */,
				CD293FBA2494B46F00E5B126 /* calendrierRevolutionnaire.swift in Sources */,
				CD293FB82494B46400E5B126 /* constantes.swift in Sources */,
				CD4DCDB425053155008A440E /* MessidorWidget.intentdefinition in Sources */,
				CD293FA42494B2B700E5B126 /* SceneDelegate.swift in Sources */,
				CD293FA62494B2B700E5B126 /* ContentView.swift in Sources */,
				CD293FB62494B44800E5B126 /* romanConversion.swift in Sources */,
			);
			runOnlyForDeploymentPostprocessing = 0;
		};
		CD4DCDA225053152008A440E /* Sources */ = {
			isa = PBXSourcesBuildPhase;
			buildActionMask = 2147483647;
			files = (
				CD4DCDB325053155008A440E /* MessidorWidget.intentdefinition in Sources */,
				CD4DCDBC25053B06008A440E /* constantes.swift in Sources */,
				CD4DCDAE25053152008A440E /* MessidorWidget.swift in Sources */,
				CD4DCDBE25053B10008A440E /* calendrierRevolutionnaire.swift in Sources */,
				CD4DCDBD25053B0A008A440E /* romanConversion.swift in Sources */,
			);
			runOnlyForDeploymentPostprocessing = 0;
		};
/* End PBXSourcesBuildPhase section */

/* Begin PBXTargetDependency section */
		CD4DCDB625053155008A440E /* PBXTargetDependency */ = {
			isa = PBXTargetDependency;
			target = CD4DCDA525053152008A440E /* MessidorWidgetExtension */;
			targetProxy = CD4DCDB525053155008A440E /* PBXContainerItemProxy */;
		};
/* End PBXTargetDependency section */

/* Begin PBXVariantGroup section */
		CD293FAC2494B2B900E5B126 /* LaunchScreen.storyboard */ = {
			isa = PBXVariantGroup;
			children = (
				CD293FAD2494B2B900E5B126 /* Base */,
			);
			name = LaunchScreen.storyboard;
			sourceTree = "<group>";
		};
/* End PBXVariantGroup section */

/* Begin XCBuildConfiguration section */
		CD293FB02494B2B900E5B126 /* Debug */ = {
			isa = XCBuildConfiguration;
			buildSettings = {
				ALWAYS_SEARCH_USER_PATHS = NO;
				CLANG_ANALYZER_NONNULL = YES;
				CLANG_ANALYZER_NUMBER_OBJECT_CONVERSION = YES_AGGRESSIVE;
				CLANG_CXX_LANGUAGE_STANDARD = "gnu++14";
				CLANG_CXX_LIBRARY = "libc++";
				CLANG_ENABLE_MODULES = YES;
				CLANG_ENABLE_OBJC_ARC = YES;
				CLANG_ENABLE_OBJC_WEAK = YES;
				CLANG_WARN_BLOCK_CAPTURE_AUTORELEASING = YES;
				CLANG_WARN_BOOL_CONVERSION = YES;
				CLANG_WARN_COMMA = YES;
				CLANG_WARN_CONSTANT_CONVERSION = YES;
				CLANG_WARN_DEPRECATED_OBJC_IMPLEMENTATIONS = YES;
				CLANG_WARN_DIRECT_OBJC_ISA_USAGE = YES_ERROR;
				CLANG_WARN_DOCUMENTATION_COMMENTS = YES;
				CLANG_WARN_EMPTY_BODY = YES;
				CLANG_WARN_ENUM_CONVERSION = YES;
				CLANG_WARN_INFINITE_RECURSION = YES;
				CLANG_WARN_INT_CONVERSION = YES;
				CLANG_WARN_NON_LITERAL_NULL_CONVERSION = YES;
				CLANG_WARN_OBJC_IMPLICIT_RETAIN_SELF = YES;
				CLANG_WARN_OBJC_LITERAL_CONVERSION = YES;
				CLANG_WARN_OBJC_ROOT_CLASS = YES_ERROR;
				CLANG_WARN_QUOTED_INCLUDE_IN_FRAMEWORK_HEADER = YES;
				CLANG_WARN_RANGE_LOOP_ANALYSIS = YES;
				CLANG_WARN_STRICT_PROTOTYPES = YES;
				CLANG_WARN_SUSPICIOUS_MOVE = YES;
				CLANG_WARN_UNGUARDED_AVAILABILITY = YES_AGGRESSIVE;
				CLANG_WARN_UNREACHABLE_CODE = YES;
				CLANG_WARN__DUPLICATE_METHOD_MATCH = YES;
				COPY_PHASE_STRIP = NO;
				DEBUG_INFORMATION_FORMAT = dwarf;
				ENABLE_STRICT_OBJC_MSGSEND = YES;
				ENABLE_TESTABILITY = YES;
				GCC_C_LANGUAGE_STANDARD = gnu11;
				GCC_DYNAMIC_NO_PIC = NO;
				GCC_NO_COMMON_BLOCKS = YES;
				GCC_OPTIMIZATION_LEVEL = 0;
				GCC_PREPROCESSOR_DEFINITIONS = (
					"DEBUG=1",
					"$(inherited)",
				);
				GCC_WARN_64_TO_32_BIT_CONVERSION = YES;
				GCC_WARN_ABOUT_RETURN_TYPE = YES_ERROR;
				GCC_WARN_UNDECLARED_SELECTOR = YES;
				GCC_WARN_UNINITIALIZED_AUTOS = YES_AGGRESSIVE;
				GCC_WARN_UNUSED_FUNCTION = YES;
				GCC_WARN_UNUSED_VARIABLE = YES;
				IPHONEOS_DEPLOYMENT_TARGET = 13.5;
				MTL_ENABLE_DEBUG_INFO = INCLUDE_SOURCE;
				MTL_FAST_MATH = YES;
				ONLY_ACTIVE_ARCH = YES;
				SDKROOT = iphoneos;
				SWIFT_ACTIVE_COMPILATION_CONDITIONS = DEBUG;
				SWIFT_OPTIMIZATION_LEVEL = "-Onone";
			};
			name = Debug;
		};
		CD293FB12494B2B900E5B126 /* Release */ = {
			isa = XCBuildConfiguration;
			buildSettings = {
				ALWAYS_SEARCH_USER_PATHS = NO;
				CLANG_ANALYZER_NONNULL = YES;
				CLANG_ANALYZER_NUMBER_OBJECT_CONVERSION = YES_AGGRESSIVE;
				CLANG_CXX_LANGUAGE_STANDARD = "gnu++14";
				CLANG_CXX_LIBRARY = "libc++";
				CLANG_ENABLE_MODULES = YES;
				CLANG_ENABLE_OBJC_ARC = YES;
				CLANG_ENABLE_OBJC_WEAK = YES;
				CLANG_WARN_BLOCK_CAPTURE_AUTORELEASING = YES;
				CLANG_WARN_BOOL_CONVERSION = YES;
				CLANG_WARN_COMMA = YES;
				CLANG_WARN_CONSTANT_CONVERSION = YES;
				CLANG_WARN_DEPRECATED_OBJC_IMPLEMENTATIONS = YES;
				CLANG_WARN_DIRECT_OBJC_ISA_USAGE = YES_ERROR;
				CLANG_WARN_DOCUMENTATION_COMMENTS = YES;
				CLANG_WARN_EMPTY_BODY = YES;
				CLANG_WARN_ENUM_CONVERSION = YES;
				CLANG_WARN_INFINITE_RECURSION = YES;
				CLANG_WARN_INT_CONVERSION = YES;
				CLANG_WARN_NON_LITERAL_NULL_CONVERSION = YES;
				CLANG_WARN_OBJC_IMPLICIT_RETAIN_SELF = YES;
				CLANG_WARN_OBJC_LITERAL_CONVERSION = YES;
				CLANG_WARN_OBJC_ROOT_CLASS = YES_ERROR;
				CLANG_WARN_QUOTED_INCLUDE_IN_FRAMEWORK_HEADER = YES;
				CLANG_WARN_RANGE_LOOP_ANALYSIS = YES;
				CLANG_WARN_STRICT_PROTOTYPES = YES;
				CLANG_WARN_SUSPICIOUS_MOVE = YES;
				CLANG_WARN_UNGUARDED_AVAILABILITY = YES_AGGRESSIVE;
				CLANG_WARN_UNREACHABLE_CODE = YES;
				CLANG_WARN__DUPLICATE_METHOD_MATCH = YES;
				COPY_PHASE_STRIP = NO;
				DEBUG_INFORMATION_FORMAT = "dwarf-with-dsym";
				ENABLE_NS_ASSERTIONS = NO;
				ENABLE_STRICT_OBJC_MSGSEND = YES;
				GCC_C_LANGUAGE_STANDARD = gnu11;
				GCC_NO_COMMON_BLOCKS = YES;
				GCC_WARN_64_TO_32_BIT_CONVERSION = YES;
				GCC_WARN_ABOUT_RETURN_TYPE = YES_ERROR;
				GCC_WARN_UNDECLARED_SELECTOR = YES;
				GCC_WARN_UNINITIALIZED_AUTOS = YES_AGGRESSIVE;
				GCC_WARN_UNUSED_FUNCTION = YES;
				GCC_WARN_UNUSED_VARIABLE = YES;
				IPHONEOS_DEPLOYMENT_TARGET = 13.5;
				MTL_ENABLE_DEBUG_INFO = NO;
				MTL_FAST_MATH = YES;
				SDKROOT = iphoneos;
				SWIFT_COMPILATION_MODE = wholemodule;
				SWIFT_OPTIMIZATION_LEVEL = "-O";
				VALIDATE_PRODUCT = YES;
			};
			name = Release;
		};
		CD293FB32494B2B900E5B126 /* Debug */ = {
			isa = XCBuildConfiguration;
			buildSettings = {
				ALWAYS_EMBED_SWIFT_STANDARD_LIBRARIES = YES;
				ASSETCATALOG_COMPILER_APPICON_NAME = AppIcon;
				CODE_SIGN_STYLE = Automatic;
				DEVELOPMENT_ASSET_PATHS = "\"Messidor/Preview Content\"";
				DEVELOPMENT_TEAM = T5BAAGBQWR;
				ENABLE_PREVIEWS = YES;
				INFOPLIST_FILE = Messidor/Info.plist;
				LD_RUNPATH_SEARCH_PATHS = (
					"$(inherited)",
					"@executable_path/Frameworks",
				);
				PRODUCT_BUNDLE_IDENTIFIER = com.test.Messidor;
				PRODUCT_NAME = "$(TARGET_NAME)";
				SWIFT_VERSION = 5.0;
				TARGETED_DEVICE_FAMILY = 1;
			};
			name = Debug;
		};
		CD293FB42494B2B900E5B126 /* Release */ = {
			isa = XCBuildConfiguration;
			buildSettings = {
				ALWAYS_EMBED_SWIFT_STANDARD_LIBRARIES = YES;
				ASSETCATALOG_COMPILER_APPICON_NAME = AppIcon;
				CODE_SIGN_STYLE = Automatic;
				DEVELOPMENT_ASSET_PATHS = "\"Messidor/Preview Content\"";
				DEVELOPMENT_TEAM = T5BAAGBQWR;
				ENABLE_PREVIEWS = YES;
				INFOPLIST_FILE = Messidor/Info.plist;
				LD_RUNPATH_SEARCH_PATHS = (
					"$(inherited)",
					"@executable_path/Frameworks",
				);
				PRODUCT_BUNDLE_IDENTIFIER = com.test.Messidor;
				PRODUCT_NAME = "$(TARGET_NAME)";
				SWIFT_VERSION = 5.0;
				TARGETED_DEVICE_FAMILY = 1;
			};
			name = Release;
		};
		CD4DCDB925053155008A440E /* Debug */ = {
			isa = XCBuildConfiguration;
			buildSettings = {
				ASSETCATALOG_COMPILER_GLOBAL_ACCENT_COLOR_NAME = AccentColor;
				ASSETCATALOG_COMPILER_WIDGET_BACKGROUND_COLOR_NAME = WidgetBackground;
				CODE_SIGN_STYLE = Automatic;
				DEVELOPMENT_TEAM = T5BAAGBQWR;
				INFOPLIST_FILE = MessidorWidget/Info.plist;
				IPHONEOS_DEPLOYMENT_TARGET = 14.0;
				LD_RUNPATH_SEARCH_PATHS = (
					"$(inherited)",
					"@executable_path/Frameworks",
					"@executable_path/../../Frameworks",
				);
				PRODUCT_BUNDLE_IDENTIFIER = com.test.Messidor.MessidorWidget;
				PRODUCT_NAME = "$(TARGET_NAME)";
				SKIP_INSTALL = YES;
				SWIFT_VERSION = 5.0;
				TARGETED_DEVICE_FAMILY = "1,2";
			};
			name = Debug;
		};
		CD4DCDBA25053155008A440E /* Release */ = {
			isa = XCBuildConfiguration;
			buildSettings = {
				ASSETCATALOG_COMPILER_GLOBAL_ACCENT_COLOR_NAME = AccentColor;
				ASSETCATALOG_COMPILER_WIDGET_BACKGROUND_COLOR_NAME = WidgetBackground;
				CODE_SIGN_STYLE = Automatic;
				DEVELOPMENT_TEAM = T5BAAGBQWR;
				INFOPLIST_FILE = MessidorWidget/Info.plist;
				IPHONEOS_DEPLOYMENT_TARGET = 14.0;
				LD_RUNPATH_SEARCH_PATHS = (
					"$(inherited)",
					"@executable_path/Frameworks",
					"@executable_path/../../Frameworks",
				);
				PRODUCT_BUNDLE_IDENTIFIER = com.test.Messidor.MessidorWidget;
				PRODUCT_NAME = "$(TARGET_NAME)";
				SKIP_INSTALL = YES;
				SWIFT_VERSION = 5.0;
				TARGETED_DEVICE_FAMILY = "1,2";
			};
			name = Release;
		};
/* End XCBuildConfiguration section */

/* Begin XCConfigurationList section */
		CD293F992494B2B700E5B126 /* Build configuration list for PBXProject "Messidor" */ = {
			isa = XCConfigurationList;
			buildConfigurations = (
				CD293FB02494B2B900E5B126 /* Debug */,
				CD293FB12494B2B900E5B126 /* Release */,
			);
			defaultConfigurationIsVisible = 0;
			defaultConfigurationName = Release;
		};
		CD293FB22494B2B900E5B126 /* Build configuration list for PBXNativeTarget "Messidor" */ = {
			isa = XCConfigurationList;
			buildConfigurations = (
				CD293FB32494B2B900E5B126 /* Debug */,
				CD293FB42494B2B900E5B126 /* Release */,
			);
			defaultConfigurationIsVisible = 0;
			defaultConfigurationName = Release;
		};
		CD4DCDB825053155008A440E /* Build configuration list for PBXNativeTarget "MessidorWidgetExtension" */ = {
			isa = XCConfigurationList;
			buildConfigurations = (
				CD4DCDB925053155008A440E /* Debug */,
				CD4DCDBA25053155008A440E /* Release */,
			);
			defaultConfigurationIsVisible = 0;
			defaultConfigurationName = Release;
		};
/* End XCConfigurationList section */
	};
	rootObject = CD293F962494B2B700E5B126 /* Project object */;
}
